
Microsoft Visual Studio Solution File, Format Version 12.00
# Visual Studio Version 17
VisualStudioVersion = 17.7.34003.232
MinimumVisualStudioVersion = 10.0.40219.1
Project("{FAE04EC0-301F-11D3-BF4B-00C04F79EFBC}") = "GeometryLib", "GeometryLib\GeometryLib.csproj", "{B640157B-84E9-42F9-A3BD-032C7A1E4F47}"
EndProject
Global
	GlobalSection(SolutionConfigurationPlatforms) = preSolution
		Debug|Any CPU = Debug|Any CPU
		Release|Any CPU = Release|Any CPU
	EndGlobalSection
	GlobalSection(ProjectConfigurationPlatforms) = postSolution
		{B640157B-84E9-42F9-A3BD-032C7A1E4F47}.Debug|Any CPU.ActiveCfg = Debug|Any CPU
		{B640157B-84E9-42F9-A3BD-032C7A1E4F47}.Debug|Any CPU.Build.0 = Debug|Any CPU
		{B640157B-84E9-42F9-A3BD-032C7A1E4F47}.Release|Any CPU.ActiveCfg = Release|Any CPU
		{B640157B-84E9-42F9-A3BD-032C7A1E4F47}.Release|Any CPU.Build.0 = Release|Any CPU
	EndGlobalSection
	GlobalSection(SolutionProperties) = preSolution
		HideSolutionNode = FALSE
	EndGlobalSection
	GlobalSection(ExtensibilityGlobals) = postSolution
		SolutionGuid = {9FFFB449-A455-45B5-94B9-EBA7810828B0}
	EndGlobalSection
EndGlobal
